{
  "name": "sort-lines",
  "version": "0.19.0",
  "lockfileVersion": 3,
  "requires": true,
  "packages": {
    "": {
      "name": "sort-lines",
      "version": "0.19.0",
      "license": "MIT",
      "dependencies": {
        "array-shuffle": "^1.0.1",
        "javascript-natural-sort": "^0.7.1"
      },
      "engines": {
        "atom": ">=1.4.0 <2.0.0"
      }
    },
    "node_modules/array-shuffle": {
      "version": "1.0.1",
      "resolved": "https://registry.npmjs.org/array-shuffle/-/array-shuffle-1.0.1.tgz",
      "integrity": "sha512-PBqgo1Y2XWSksBzq3GFPEb798ZrW2snAcmr4drbVeF/6MT/5aBlkGJEvu5A/CzXHf4EjbHOj/ZowatjlIiVidA==",
      "engines": {
        "node": ">=0.10.0"
      }
    },
    "node_modules/javascript-natural-sort": {
      "version": "0.7.1",
      "resolved": "https://registry.npmjs.org/javascript-natural-sort/-/javascript-natural-sort-0.7.1.tgz",
      "integrity": "sha512-nO6jcEfZWQXDhOiBtG2KvKyEptz7RVbpGP4vTD2hLBdmNQSsCiicO2Ioinv6UI4y9ukqnBpy+XZ9H6uLNgJTlw=="
    }
  }
}
